// !$*UTF8*$!
{
	archiveVersion = 1;
	classes = {
	};
	objectVersion = 50;
	objects = {

/* Begin PBXBuildFile section */
		2334A19520012B0517B03F7E /* Pods_Todo.framework in Frameworks */ = {isa = PBXBuildFile; fileRef = 7414A3AC99523F4B0DFF85A9 /* Pods_Todo.framework */; };
		F2157DCF24602A6B007DB2A9 /* CategoryVC.swift in Sources */ = {isa = PBXBuildFile; fileRef = F2157DCE24602A6B007DB2A9 /* CategoryVC.swift */; };
		F21BA310245C762E00F79FD9 /* AppDelegate.swift in Sources */ = {isa = PBXBuildFile; fileRef = F21BA30F245C762E00F79FD9 /* AppDelegate.swift */; };
		F21BA312245C762E00F79FD9 /* TodoListVC.swift in Sources */ = {isa = PBXBuildFile; fileRef = F21BA311245C762E00F79FD9 /* TodoListVC.swift */; };
		F21BA315245C762E00F79FD9 /* Main.storyboard in Resources */ = {isa = PBXBuildFile; fileRef = F21BA313245C762E00F79FD9 /* Main.storyboard */; };
		F21BA317245C763D00F79FD9 /* Assets.xcassets in Resources */ = {isa = PBXBuildFile; fileRef = F21BA316245C763D00F79FD9 /* Assets.xcassets */; };
		F21BA31A245C763D00F79FD9 /* LaunchScreen.storyboard in Resources */ = {isa = PBXBuildFile; fileRef = F21BA318245C763D00F79FD9 /* LaunchScreen.storyboard */; };
		F22B4D1C245F291500008DF0 /* DataModel.xcdatamodeld in Sources */ = {isa = PBXBuildFile; fileRef = F22B4D1A245F291500008DF0 /* DataModel.xcdatamodeld */; };
/* End PBXBuildFile section */

/* Begin PBXFileReference section */
		7414A3AC99523F4B0DFF85A9 /* Pods_Todo.framework */ = {isa = PBXFileReference; explicitFileType = wrapper.framework; includeInIndex = 0; path = Pods_Todo.framework; sourceTree = BUILT_PRODUCTS_DIR; };
		C58AFAB7A257C4DFED0C1273 /* Pods-Todo.release.xcconfig */ = {isa = PBXFileReference; includeInIndex = 1; lastKnownFileType = text.xcconfig; name = "Pods-Todo.release.xcconfig"; path = "Target Support Files/Pods-Todo/Pods-Todo.release.xcconfig"; sourceTree = "<group>"; };
		F2157DCE24602A6B007DB2A9 /* CategoryVC.swift */ = {isa = PBXFileReference; lastKnownFileType = sourcecode.swift; path = CategoryVC.swift; sourceTree = "<group>"; };
		F21BA30C245C762E00F79FD9 /* Todo.app */ = {isa = PBXFileReference; explicitFileType = wrapper.application; includeInIndex = 0; path = Todo.app; sourceTree = BUILT_PRODUCTS_DIR; };
		F21BA30F245C762E00F79FD9 /* AppDelegate.swift */ = {isa = PBXFileReference; lastKnownFileType = sourcecode.swift; path = AppDelegate.swift; sourceTree = "<group>"; };
		F21BA311245C762E00F79FD9 /* TodoListVC.swift */ = {isa = PBXFileReference; lastKnownFileType = sourcecode.swift; path = TodoListVC.swift; sourceTree = "<group>"; };
		F21BA314245C762E00F79FD9 /* Base */ = {isa = PBXFileReference; lastKnownFileType = file.storyboard; name = Base; path = Base.lproj/Main.storyboard; sourceTree = "<group>"; };
		F21BA316245C763D00F79FD9 /* Assets.xcassets */ = {isa = PBXFileReference; lastKnownFileType = folder.assetcatalog; path = Assets.xcassets; sourceTree = "<group>"; };
		F21BA319245C763D00F79FD9 /* Base */ = {isa = PBXFileReference; lastKnownFileType = file.storyboard; name = Base; path = Base.lproj/LaunchScreen.storyboard; sourceTree = "<group>"; };
		F21BA31B245C763D00F79FD9 /* Info.plist */ = {isa = PBXFileReference; lastKnownFileType = text.plist.xml; path = Info.plist; sourceTree = "<group>"; };
		F22B4D1B245F291500008DF0 /* DataModel.xcdatamodel */ = {isa = PBXFileReference; lastKnownFileType = wrapper.xcdatamodel; path = DataModel.xcdatamodel; sourceTree = "<group>"; };
		FCD3C2604A5453C995760A67 /* Pods-Todo.debug.xcconfig */ = {isa = PBXFileReference; includeInIndex = 1; lastKnownFileType = text.xcconfig; name = "Pods-Todo.debug.xcconfig"; path = "Target Support Files/Pods-Todo/Pods-Todo.debug.xcconfig"; sourceTree = "<group>"; };
/* End PBXFileReference section */

/* Begin PBXFrameworksBuildPhase section */
		F21BA309245C762E00F79FD9 /* Frameworks */ = {
			isa = PBXFrameworksBuildPhase;
			buildActionMask = 2147483647;
			files = (
				2334A19520012B0517B03F7E /* Pods_Todo.framework in Frameworks */,
			);
			runOnlyForDeploymentPostprocessing = 0;
		};
/* End PBXFrameworksBuildPhase section */

/* Begin PBXGroup section */
		3DCA8DBE7350053CD6AA8F7B /* Frameworks */ = {
			isa = PBXGroup;
			children = (
				7414A3AC99523F4B0DFF85A9 /* Pods_Todo.framework */,
			);
			name = Frameworks;
			sourceTree = "<group>";
		};
		A1349F677E4164174679DFDB /* Pods */ = {
			isa = PBXGroup;
			children = (
				FCD3C2604A5453C995760A67 /* Pods-Todo.debug.xcconfig */,
				C58AFAB7A257C4DFED0C1273 /* Pods-Todo.release.xcconfig */,
			);
			name = Pods;
			path = Pods;
			sourceTree = "<group>";
		};
		F21BA303245C762D00F79FD9 = {
			isa = PBXGroup;
			children = (
				F21BA30E245C762E00F79FD9 /* Todo */,
				F21BA30D245C762E00F79FD9 /* Products */,
				A1349F677E4164174679DFDB /* Pods */,
				3DCA8DBE7350053CD6AA8F7B /* Frameworks */,
			);
			sourceTree = "<group>";
		};
		F21BA30D245C762E00F79FD9 /* Products */ = {
			isa = PBXGroup;
			children = (
				F21BA30C245C762E00F79FD9 /* Todo.app */,
			);
			name = Products;
			sourceTree = "<group>";
		};
		F21BA30E245C762E00F79FD9 /* Todo */ = {
			isa = PBXGroup;
			children = (
				F21BA30F245C762E00F79FD9 /* AppDelegate.swift */,
				F21BA325245C91AC00F79FD9 /* view */,
				F21BA321245C914F00F79FD9 /* DataModel */,
				F21BA324245C919300F79FD9 /* controller */,
				F21BA326245C91E100F79FD9 /* supportingFiels */,
				F21BA31B245C763D00F79FD9 /* Info.plist */,
			);
			path = Todo;
			sourceTree = "<group>";
		};
		F21BA321245C914F00F79FD9 /* DataModel */ = {
			isa = PBXGroup;
			children = (
				F22B4D1A245F291500008DF0 /* DataModel.xcdatamodeld */,
			);
			path = DataModel;
			sourceTree = "<group>";
		};
		F21BA324245C919300F79FD9 /* controller */ = {
			isa = PBXGroup;
			children = (
				F21BA311245C762E00F79FD9 /* TodoListVC.swift */,
				F2157DCE24602A6B007DB2A9 /* CategoryVC.swift */,
			);
			path = controller;
			sourceTree = "<group>";
		};
		F21BA325245C91AC00F79FD9 /* view */ = {
			isa = PBXGroup;
			children = (
				F21BA313245C762E00F79FD9 /* Main.storyboard */,
			);
			path = view;
			sourceTree = "<group>";
		};
		F21BA326245C91E100F79FD9 /* supportingFiels */ = {
			isa = PBXGroup;
			children = (
				F21BA316245C763D00F79FD9 /* Assets.xcassets */,
				F21BA318245C763D00F79FD9 /* LaunchScreen.storyboard */,
			);
			path = supportingFiels;
			sourceTree = "<group>";
		};
/* End PBXGroup section */

/* Begin PBXNativeTarget section */
		F21BA30B245C762E00F79FD9 /* Todo */ = {
			isa = PBXNativeTarget;
			buildConfigurationList = F21BA31E245C763D00F79FD9 /* Build configuration list for PBXNativeTarget "Todo" */;
			buildPhases = (
				1F387665C04AABBFE01A126A /* [CP] Check Pods Manifest.lock */,
				F21BA308245C762E00F79FD9 /* Sources */,
				F21BA309245C762E00F79FD9 /* Frameworks */,
				F21BA30A245C762E00F79FD9 /* Resources */,
				75982EA4408B19D659775167 /* [CP] Embed Pods Frameworks */,
			);
			buildRules = (
			);
			dependencies = (
			);
			name = Todo;
			productName = Todo;
			productReference = F21BA30C245C762E00F79FD9 /* Todo.app */;
			productType = "com.apple.product-type.application";
		};
/* End PBXNativeTarget section */

/* Begin PBXProject section */
		F21BA304245C762D00F79FD9 /* Project object */ = {
			isa = PBXProject;
			attributes = {
				LastSwiftUpdateCheck = 1010;
				LastUpgradeCheck = 1010;
				ORGANIZATIONNAME = pop;
				TargetAttributes = {
					F21BA30B245C762E00F79FD9 = {
						CreatedOnToolsVersion = 10.1;
					};
				};
			};
			buildConfigurationList = F21BA307245C762D00F79FD9 /* Build configuration list for PBXProject "Todo" */;
			compatibilityVersion = "Xcode 9.3";
			developmentRegion = en;
			hasScannedForEncodings = 0;
			knownRegions = (
				en,
				Base,
			);
			mainGroup = F21BA303245C762D00F79FD9;
			productRefGroup = F21BA30D245C762E00F79FD9 /* Products */;
			projectDirPath = "";
			projectRoot = "";
			targets = (
				F21BA30B245C762E00F79FD9 /* Todo */,
			);
		};
/* End PBXProject section */

/* Begin PBXResourcesBuildPhase section */
		F21BA30A245C762E00F79FD9 /* Resources */ = {
			isa = PBXResourcesBuildPhase;
			buildActionMask = 2147483647;
			files = (
				F21BA31A245C763D00F79FD9 /* LaunchScreen.storyboard in Resources */,
				F21BA317245C763D00F79FD9 /* Assets.xcassets in Resources */,
				F21BA315245C762E00F79FD9 /* Main.storyboard in Resources */,
			);
			runOnlyForDeploymentPostprocessing = 0;
		};
/* End PBXResourcesBuildPhase section */

/* Begin PBXShellScriptBuildPhase section */
		1F387665C04AABBFE01A126A /* [CP] Check Pods Manifest.lock */ = {
			isa = PBXShellScriptBuildPhase;
			buildActionMask = 2147483647;
			files = (
			);
			inputFileListPaths = (
			);
			inputPaths = (
				"${PODS_PODFILE_DIR_PATH}/Podfile.lock",
				"${PODS_ROOT}/Manifest.lock",
			);
			name = "[CP] Check Pods Manifest.lock";
			outputFileListPaths = (
			);
			outputPaths = (
				"$(DERIVED_FILE_DIR)/Pods-Todo-checkManifestLockResult.txt",
			);
			runOnlyForDeploymentPostprocessing = 0;
			shellPath = /bin/sh;
			shellScript = "diff \"${PODS_PODFILE_DIR_PATH}/Podfile.lock\" \"${PODS_ROOT}/Manifest.lock\" > /dev/null\nif [ $? != 0 ] ; then\n    # print error to STDERR\n    echo \"error: The sandbox is not in sync with the Podfile.lock. Run 'pod install' or update your CocoaPods installation.\" >&2\n    exit 1\nfi\n# This output is used by Xcode 'outputs' to avoid re-running this script phase.\necho \"SUCCESS\" > \"${SCRIPT_OUTPUT_FILE_0}\"\n";
			showEnvVarsInLog = 0;
		};
		75982EA4408B19D659775167 /* [CP] Embed Pods Frameworks */ = {
			isa = PBXShellScriptBuildPhase;
			buildActionMask = 2147483647;
			files = (
			);
			inputFileListPaths = (
				"${PODS_ROOT}/Target Support Files/Pods-Todo/Pods-Todo-frameworks-${CONFIGURATION}-input-files.xcfilelist",
			);
			name = "[CP] Embed Pods Frameworks";
			outputFileListPaths = (
				"${PODS_ROOT}/Target Support Files/Pods-Todo/Pods-Todo-frameworks-${CONFIGURATION}-output-files.xcfilelist",
			);
			runOnlyForDeploymentPostprocessing = 0;
			shellPath = /bin/sh;
			shellScript = "\"${PODS_ROOT}/Target Support Files/Pods-Todo/Pods-Todo-frameworks.sh\"\n";
			showEnvVarsInLog = 0;
		};
/* End PBXShellScriptBuildPhase section */

/* Begin PBXSourcesBuildPhase section */
		F21BA308245C762E00F79FD9 /* Sources */ = {
			isa = PBXSourcesBuildPhase;
			buildActionMask = 2147483647;
			files = (
				F21BA312245C762E00F79FD9 /* TodoListVC.swift in Sources */,
				F22B4D1C245F291500008DF0 /* DataModel.xcdatamodeld in Sources */,
				F2157DCF24602A6B007DB2A9 /* CategoryVC.swift in Sources */,
				F21BA310245C762E00F79FD9 /* AppDelegate.swift in Sources */,
			);
			runOnlyForDeploymentPostprocessing = 0;
		};
/* End PBXSourcesBuildPhase section */

/* Begin PBXVariantGroup section */
		F21BA313245C762E00F79FD9 /* Main.storyboard */ = {
			isa = PBXVariantGroup;
			children = (
				F21BA314245C762E00F79FD9 /* Base */,
			);
			name = Main.storyboard;
			sourceTree = "<group>";
		};
		F21BA318245C763D00F79FD9 /* LaunchScreen.storyboard */ = {
			isa = PBXVariantGroup;
			children = (
				F21BA319245C763D00F79FD9 /* Base */,
			);
			name = LaunchScreen.storyboard;
			sourceTree = "<group>";
		};
/* End PBXVariantGroup section */

/* Begin XCBuildConfiguration section */
		F21BA31C245C763D00F79FD9 /* Debug */ = {
			isa = XCBuildConfiguration;
			buildSettings = {
				ALWAYS_SEARCH_USER_PATHS = NO;
				CLANG_ANALYZER_NONNULL = YES;
				CLANG_ANALYZER_NUMBER_OBJECT_CONVERSION = YES_AGGRESSIVE;
				CLANG_CXX_LANGUAGE_STANDARD = "gnu++14";
				CLANG_CXX_LIBRARY = "libc++";
				CLANG_ENABLE_MODULES = YES;
				CLANG_ENABLE_OBJC_ARC = YES;
				CLANG_ENABLE_OBJC_WEAK = YES;
				CLANG_WARN_BLOCK_CAPTURE_AUTORELEASING = YES;
				CLANG_WARN_BOOL_CONVERSION = YES;
				CLANG_WARN_COMMA = YES;
				CLANG_WARN_CONSTANT_CONVERSION = YES;
				CLANG_WARN_DEPRECATED_OBJC_IMPLEMENTATIONS = YES;
				CLANG_WARN_DIRECT_OBJC_ISA_USAGE = YES_ERROR;
				CLANG_WARN_DOCUMENTATION_COMMENTS = YES;
				CLANG_WARN_EMPTY_BODY = YES;
				CLANG_WARN_ENUM_CONVERSION = YES;
				CLANG_WARN_INFINITE_RECURSION = YES;
				CLANG_WARN_INT_CONVERSION = YES;
				CLANG_WARN_NON_LITERAL_NULL_CONVERSION = YES;
				CLANG_WARN_OBJC_IMPLICIT_RETAIN_SELF = YES;
				CLANG_WARN_OBJC_LITERAL_CONVERSION = YES;
				CLANG_WARN_OBJC_ROOT_CLASS = YES_ERROR;
				CLANG_WARN_RANGE_LOOP_ANALYSIS = YES;
				CLANG_WARN_STRICT_PROTOTYPES = YES;
				CLANG_WARN_SUSPICIOUS_MOVE = YES;
				CLANG_WARN_UNGUARDED_AVAILABILITY = YES_AGGRESSIVE;
				CLANG_WARN_UNREACHABLE_CODE = YES;
				CLANG_WARN__DUPLICATE_METHOD_MATCH = YES;
				CODE_SIGN_IDENTITY = "iPhone Developer";
				COPY_PHASE_STRIP = NO;
				DEBUG_INFORMATION_FORMAT = dwarf;
				ENABLE_STRICT_OBJC_MSGSEND = YES;
				ENABLE_TESTABILITY = YES;
				GCC_C_LANGUAGE_STANDARD = gnu11;
				GCC_DYNAMIC_NO_PIC = NO;
				GCC_NO_COMMON_BLOCKS = YES;
				GCC_OPTIMIZATION_LEVEL = 0;
				GCC_PREPROCESSOR_DEFINITIONS = (
					"DEBUG=1",
					"$(inherited)",
				);
				GCC_WARN_64_TO_32_BIT_CONVERSION = YES;
				GCC_WARN_ABOUT_RETURN_TYPE = YES_ERROR;
				GCC_WARN_UNDECLARED_SELECTOR = YES;
				GCC_WARN_UNINITIALIZED_AUTOS = YES_AGGRESSIVE;
				GCC_WARN_UNUSED_FUNCTION = YES;
				GCC_WARN_UNUSED_VARIABLE = YES;
				IPHONEOS_DEPLOYMENT_TARGET = 12.1;
				MTL_ENABLE_DEBUG_INFO = INCLUDE_SOURCE;
				MTL_FAST_MATH = YES;
				ONLY_ACTIVE_ARCH = YES;
				SDKROOT = iphoneos;
				SWIFT_ACTIVE_COMPILATION_CONDITIONS = DEBUG;
				SWIFT_OPTIMIZATION_LEVEL = "-Onone";
			};
			name = Debug;
		};
		F21BA31D245C763D00F79FD9 /* Release */ = {
			isa = XCBuildConfiguration;
			buildSettings = {
				ALWAYS_SEARCH_USER_PATHS = NO;
				CLANG_ANALYZER_NONNULL = YES;
				CLANG_ANALYZER_NUMBER_OBJECT_CONVERSION = YES_AGGRESSIVE;
				CLANG_CXX_LANGUAGE_STANDARD = "gnu++14";
				CLANG_CXX_LIBRARY = "libc++";
				CLANG_ENABLE_MODULES = YES;
				CLANG_ENABLE_OBJC_ARC = YES;
				CLANG_ENABLE_OBJC_WEAK = YES;
				CLANG_WARN_BLOCK_CAPTURE_AUTORELEASING = YES;
				CLANG_WARN_BOOL_CONVERSION = YES;
				CLANG_WARN_COMMA = YES;
				CLANG_WARN_CONSTANT_CONVERSION = YES;
				CLANG_WARN_DEPRECATED_OBJC_IMPLEMENTATIONS = YES;
				CLANG_WARN_DIRECT_OBJC_ISA_USAGE = YES_ERROR;
				CLANG_WARN_DOCUMENTATION_COMMENTS = YES;
				CLANG_WARN_EMPTY_BODY = YES;
				CLANG_WARN_ENUM_CONVERSION = YES;
				CLANG_WARN_INFINITE_RECURSION = YES;
				CLANG_WARN_INT_CONVERSION = YES;
				CLANG_WARN_NON_LITERAL_NULL_CONVERSION = YES;
				CLANG_WARN_OBJC_IMPLICIT_RETAIN_SELF = YES;
				CLANG_WARN_OBJC_LITERAL_CONVERSION = YES;
				CLANG_WARN_OBJC_ROOT_CLASS = YES_ERROR;
				CLANG_WARN_RANGE_LOOP_ANALYSIS = YES;
				CLANG_WARN_STRICT_PROTOTYPES = YES;
				CLANG_WARN_SUSPICIOUS_MOVE = YES;
				CLANG_WARN_UNGUARDED_AVAILABILITY = YES_AGGRESSIVE;
				CLANG_WARN_UNREACHABLE_CODE = YES;
				CLANG_WARN__DUPLICATE_METHOD_MATCH = YES;
				CODE_SIGN_IDENTITY = "iPhone Developer";
				COPY_PHASE_STRIP = NO;
				DEBUG_INFORMATION_FORMAT = "dwarf-with-dsym";
				ENABLE_NS_ASSERTIONS = NO;
				ENABLE_STRICT_OBJC_MSGSEND = YES;
				GCC_C_LANGUAGE_STANDARD = gnu11;
				GCC_NO_COMMON_BLOCKS = YES;
				GCC_WARN_64_TO_32_BIT_CONVERSION = YES;
				GCC_WARN_ABOUT_RETURN_TYPE = YES_ERROR;
				GCC_WARN_UNDECLARED_SELECTOR = YES;
				GCC_WARN_UNINITIALIZED_AUTOS = YES_AGGRESSIVE;
				GCC_WARN_UNUSED_FUNCTION = YES;
				GCC_WARN_UNUSED_VARIABLE = YES;
				IPHONEOS_DEPLOYMENT_TARGET = 12.1;
				MTL_ENABLE_DEBUG_INFO = NO;
				MTL_FAST_MATH = YES;
				SDKROOT = iphoneos;
				SWIFT_COMPILATION_MODE = wholemodule;
				SWIFT_OPTIMIZATION_LEVEL = "-O";
				VALIDATE_PRODUCT = YES;
			};
			name = Release;
		};
		F21BA31F245C763D00F79FD9 /* Debug */ = {
			isa = XCBuildConfiguration;
			baseConfigurationReference = FCD3C2604A5453C995760A67 /* Pods-Todo.debug.xcconfig */;
			buildSettings = {
				ASSETCATALOG_COMPILER_APPICON_NAME = AppIcon;
				CODE_SIGN_STYLE = Automatic;
				INFOPLIST_FILE = Todo/Info.plist;
				LD_RUNPATH_SEARCH_PATHS = (
					"$(inherited)",
					"@executable_path/Frameworks",
				);
				PRODUCT_BUNDLE_IDENTIFIER = pop.Todo;
				PRODUCT_NAME = "$(TARGET_NAME)";
				SWIFT_VERSION = 4.2;
				TARGETED_DEVICE_FAMILY = "1,2";
			};
			name = Debug;
		};
		F21BA320245C763D00F79FD9 /* Release */ = {
			isa = XCBuildConfiguration;
			baseConfigurationReference = C58AFAB7A257C4DFED0C1273 /* Pods-Todo.release.xcconfig */;
			buildSettings = {
				ASSETCATALOG_COMPILER_APPICON_NAME = AppIcon;
				CODE_SIGN_STYLE = Automatic;
				INFOPLIST_FILE = Todo/Info.plist;
				LD_RUNPATH_SEARCH_PATHS = (
					"$(inherited)",
					"@executable_path/Frameworks",
				);
				PRODUCT_BUNDLE_IDENTIFIER = pop.Todo;
				PRODUCT_NAME = "$(TARGET_NAME)";
				SWIFT_VERSION = 4.2;
				TARGETED_DEVICE_FAMILY = "1,2";
			};
			name = Release;
		};
/* End XCBuildConfiguration section */

/* Begin XCConfigurationList section */
		F21BA307245C762D00F79FD9 /* Build configuration list for PBXProject "Todo" */ = {
			isa = XCConfigurationList;
			buildConfigurations = (
				F21BA31C245C763D00F79FD9 /* Debug */,
				F21BA31D245C763D00F79FD9 /* Release */,
			);
			defaultConfigurationIsVisible = 0;
			defaultConfigurationName = Release;
		};
		F21BA31E245C763D00F79FD9 /* Build configuration list for PBXNativeTarget "Todo" */ = {
			isa = XCConfigurationList;
			buildConfigurations = (
				F21BA31F245C763D00F79FD9 /* Debug */,
				F21BA320245C763D00F79FD9 /* Release */,
			);
			defaultConfigurationIsVisible = 0;
			defaultConfigurationName = Release;
		};
/* End XCConfigurationList section */

/* Begin XCVersionGroup section */
		F22B4D1A245F291500008DF0 /* DataModel.xcdatamodeld */ = {
			isa = XCVersionGroup;
			children = (
				F22B4D1B245F291500008DF0 /* DataModel.xcdatamodel */,
			);
			currentVersion = F22B4D1B245F291500008DF0 /* DataModel.xcdatamodel */;
			path = DataModel.xcdatamodeld;
			sourceTree = "<group>";
			versionGroupType = wrapper.xcdatamodel;
		};
/* End XCVersionGroup section */
	};
	rootObject = F21BA304245C762D00F79FD9 /* Project object */;
}
